
Microsoft Visual Studio Solution File, Format Version 12.00
# Visual Studio Version 17
VisualStudioVersion = 17.5.33530.505
MinimumVisualStudioVersion = 10.0.40219.1
Project("{FAE04EC0-301F-11D3-BF4B-00C04F79EFBC}") = "mvcapp", "mvcapp.csproj", "{301B92B6-AC7D-4210-AFED-B54DCF58FFFB}"
EndProject
Global
	GlobalSection(SolutionConfigurationPlatforms) = preSolution
		Debug|Any CPU = Debug|Any CPU
		Release|Any CPU = Release|Any CPU
	EndGlobalSection
	GlobalSection(ProjectConfigurationPlatforms) = postSolution
		{301B92B6-AC7D-4210-AFED-B54DCF58FFFB}.Debug|Any CPU.ActiveCfg = Debug|Any CPU
		{301B92B6-AC7D-4210-AFED-B54DCF58FFFB}.Debug|Any CPU.Build.0 = Debug|Any CPU
		{301B92B6-AC7D-4210-AFED-B54DCF58FFFB}.Release|Any CPU.ActiveCfg = Release|Any CPU
		{301B92B6-AC7D-4210-AFED-B54DCF58FFFB}.Release|Any CPU.Build.0 = Release|Any CPU
	EndGlobalSection
	GlobalSection(SolutionProperties) = preSolution
		HideSolutionNode = FALSE
	EndGlobalSection
	GlobalSection(ExtensibilityGlobals) = postSolution
		SolutionGuid = {2DAC72C5-0FD6-4AE1-84E1-4938EBC886F0}
	EndGlobalSection
EndGlobal
